
Microsoft Visual Studio Solution File, Format Version 12.00
# Visual Studio Version 16
VisualStudioVersion = 16.0.29609.76
MinimumVisualStudioVersion = 10.0.40219.1
Project("{FAE04EC0-301F-11D3-BF4B-00C04F79EFBC}") = "PROYECTO TALLER DE INVESTIGACION", "PROYECTO TALLER DE INVESTIGACION\PROYECTO TALLER DE INVESTIGACION.csproj", "{73EEB967-ACCB-4E85-B4FF-71C11C213D01}"
EndProject
Global
	GlobalSection(SolutionConfigurationPlatforms) = preSolution
		Debug|Any CPU = Debug|Any CPU
		Release|Any CPU = Release|Any CPU
	EndGlobalSection
	GlobalSection(ProjectConfigurationPlatforms) = postSolution
		{73EEB967-ACCB-4E85-B4FF-71C11C213D01}.Debug|Any CPU.ActiveCfg = Debug|Any CPU
		{73EEB967-ACCB-4E85-B4FF-71C11C213D01}.Debug|Any CPU.Build.0 = Debug|Any CPU
		{73EEB967-ACCB-4E85-B4FF-71C11C213D01}.Release|Any CPU.ActiveCfg = Release|Any CPU
		{73EEB967-ACCB-4E85-B4FF-71C11C213D01}.Release|Any CPU.Build.0 = Release|Any CPU
	EndGlobalSection
	GlobalSection(SolutionProperties) = preSolution
		HideSolutionNode = FALSE
	EndGlobalSection
	GlobalSection(ExtensibilityGlobals) = postSolution
		SolutionGuid = {00F19F41-0C68-4D07-ACEA-46FEE9FC7A75}
	EndGlobalSection
EndGlobal
